
Microsoft Visual Studio Solution File, Format Version 12.00
# Visual Studio 2013
VisualStudioVersion = 12.0.21005.1
MinimumVisualStudioVersion = 10.0.40219.1
Project("{FAE04EC0-301F-11D3-BF4B-00C04F79EFBC}") = "SharpConfig", "SharpConfig\SharpConfig.csproj", "{47435426-6569-4208-868E-25C0519F1F0F}"
EndProject
Project("{FAE04EC0-301F-11D3-BF4B-00C04F79EFBC}") = "Sample", "Sample\Sample.csproj", "{7329B4B2-90B5-4BF7-A48A-8F072B2766B8}"
EndProject
Project("{FAE04EC0-301F-11D3-BF4B-00C04F79EFBC}") = "ConfigDemo", "ConfigDemo\ConfigDemo.csproj", "{3E26ED8E-3DB8-4796-BFCD-7FB245ED662E}"
EndProject
Global
	GlobalSection(SolutionConfigurationPlatforms) = preSolution
		Debug|Any CPU = Debug|Any CPU
		Release|Any CPU = Release|Any CPU
	EndGlobalSection
	GlobalSection(ProjectConfigurationPlatforms) = postSolution
		{47435426-6569-4208-868E-25C0519F1F0F}.Debug|Any CPU.ActiveCfg = Debug|Any CPU
		{47435426-6569-4208-868E-25C0519F1F0F}.Debug|Any CPU.Build.0 = Debug|Any CPU
		{47435426-6569-4208-868E-25C0519F1F0F}.Release|Any CPU.ActiveCfg = Release|Any CPU
		{47435426-6569-4208-868E-25C0519F1F0F}.Release|Any CPU.Build.0 = Release|Any CPU
		{7329B4B2-90B5-4BF7-A48A-8F072B2766B8}.Debug|Any CPU.ActiveCfg = Debug|Any CPU
		{7329B4B2-90B5-4BF7-A48A-8F072B2766B8}.Debug|Any CPU.Build.0 = Debug|Any CPU
		{7329B4B2-90B5-4BF7-A48A-8F072B2766B8}.Release|Any CPU.ActiveCfg = Release|Any CPU
		{7329B4B2-90B5-4BF7-A48A-8F072B2766B8}.Release|Any CPU.Build.0 = Release|Any CPU
		{3E26ED8E-3DB8-4796-BFCD-7FB245ED662E}.Debug|Any CPU.ActiveCfg = Debug|Any CPU
		{3E26ED8E-3DB8-4796-BFCD-7FB245ED662E}.Debug|Any CPU.Build.0 = Debug|Any CPU
		{3E26ED8E-3DB8-4796-BFCD-7FB245ED662E}.Release|Any CPU.ActiveCfg = Release|Any CPU
		{3E26ED8E-3DB8-4796-BFCD-7FB245ED662E}.Release|Any CPU.Build.0 = Release|Any CPU
	EndGlobalSection
	GlobalSection(SolutionProperties) = preSolution
		HideSolutionNode = FALSE
	EndGlobalSection
EndGlobal
